// !$*UTF8*$!
{
	archiveVersion = 1;
	classes = {
	};
	objectVersion = 50;
	objects = {

/* Begin PBXBuildFile section */
		74C82F9E237A6960006F315A /* AppDelegate.swift in Sources */ = {isa = PBXBuildFile; fileRef = 74C82F9D237A6960006F315A /* AppDelegate.swift */; };
		74C82FA0237A6960006F315A /* ViewController.swift in Sources */ = {isa = PBXBuildFile; fileRef = 74C82F9F237A6960006F315A /* ViewController.swift */; };
		74C82FA3237A6960006F315A /* Main.storyboard in Resources */ = {isa = PBXBuildFile; fileRef = 74C82FA1237A6960006F315A /* Main.storyboard */; };
		74C82FA5237A6968006F315A /* Assets.xcassets in Resources */ = {isa = PBXBuildFile; fileRef = 74C82FA4237A6968006F315A /* Assets.xcassets */; };
		74C82FA8237A6968006F315A /* LaunchScreen.storyboard in Resources */ = {isa = PBXBuildFile; fileRef = 74C82FA6237A6968006F315A /* LaunchScreen.storyboard */; };
		74C82FB1237A6980006F315A /* MapKit.framework in Frameworks */ = {isa = PBXBuildFile; fileRef = 74C82FB0237A6980006F315A /* MapKit.framework */; };
		74C82FB3237A6993006F315A /* CoreLocation.framework in Frameworks */ = {isa = PBXBuildFile; fileRef = 74C82FB2237A6993006F315A /* CoreLocation.framework */; };
		74C82FB5237A69B7006F315A /* data.plist in Resources */ = {isa = PBXBuildFile; fileRef = 74C82FB4237A69B7006F315A /* data.plist */; };
		74C82FB7237A6D9F006F315A /* DetailMapViewController.swift in Sources */ = {isa = PBXBuildFile; fileRef = 74C82FB6237A6D9F006F315A /* DetailMapViewController.swift */; };
		74C82FB9237A6DB1006F315A /* TotalMapViewController.swift in Sources */ = {isa = PBXBuildFile; fileRef = 74C82FB8237A6DB1006F315A /* TotalMapViewController.swift */; };
		74D5F46A2383B456000D3562 /* navi.png in Resources */ = {isa = PBXBuildFile; fileRef = 74D5F4692383B455000D3562 /* navi.png */; };
		74D5F46C2383B50F000D3562 /* icons8-route-50.png in Resources */ = {isa = PBXBuildFile; fileRef = 74D5F46B2383B50F000D3562 /* icons8-route-50.png */; };
		74D5F46E2383BA05000D3562 /* gil.plist in Resources */ = {isa = PBXBuildFile; fileRef = 74D5F46D2383BA05000D3562 /* gil.plist */; };
/* End PBXBuildFile section */

/* Begin PBXFileReference section */
		74C82F9A237A6960006F315A /* exam.app */ = {isa = PBXFileReference; explicitFileType = wrapper.application; includeInIndex = 0; path = exam.app; sourceTree = BUILT_PRODUCTS_DIR; };
		74C82F9D237A6960006F315A /* AppDelegate.swift */ = {isa = PBXFileReference; lastKnownFileType = sourcecode.swift; path = AppDelegate.swift; sourceTree = "<group>"; };
		74C82F9F237A6960006F315A /* ViewController.swift */ = {isa = PBXFileReference; lastKnownFileType = sourcecode.swift; path = ViewController.swift; sourceTree = "<group>"; };
		74C82FA2237A6960006F315A /* Base */ = {isa = PBXFileReference; lastKnownFileType = file.storyboard; name = Base; path = Base.lproj/Main.storyboard; sourceTree = "<group>"; };
		74C82FA4237A6968006F315A /* Assets.xcassets */ = {isa = PBXFileReference; lastKnownFileType = folder.assetcatalog; path = Assets.xcassets; sourceTree = "<group>"; };
		74C82FA7237A6968006F315A /* Base */ = {isa = PBXFileReference; lastKnownFileType = file.storyboard; name = Base; path = Base.lproj/LaunchScreen.storyboard; sourceTree = "<group>"; };
		74C82FA9237A6968006F315A /* Info.plist */ = {isa = PBXFileReference; lastKnownFileType = text.plist.xml; path = Info.plist; sourceTree = "<group>"; };
		74C82FB0237A6980006F315A /* MapKit.framework */ = {isa = PBXFileReference; lastKnownFileType = wrapper.framework; name = MapKit.framework; path = System/Library/Frameworks/MapKit.framework; sourceTree = SDKROOT; };
		74C82FB2237A6993006F315A /* CoreLocation.framework */ = {isa = PBXFileReference; lastKnownFileType = wrapper.framework; name = CoreLocation.framework; path = System/Library/Frameworks/CoreLocation.framework; sourceTree = SDKROOT; };
		74C82FB4237A69B7006F315A /* data.plist */ = {isa = PBXFileReference; lastKnownFileType = text.plist.xml; path = data.plist; sourceTree = "<group>"; };
		74C82FB6237A6D9F006F315A /* DetailMapViewController.swift */ = {isa = PBXFileReference; lastKnownFileType = sourcecode.swift; path = DetailMapViewController.swift; sourceTree = "<group>"; };
		74C82FB8237A6DB1006F315A /* TotalMapViewController.swift */ = {isa = PBXFileReference; lastKnownFileType = sourcecode.swift; path = TotalMapViewController.swift; sourceTree = "<group>"; };
		74D5F4692383B455000D3562 /* navi.png */ = {isa = PBXFileReference; lastKnownFileType = image.png; path = navi.png; sourceTree = "<group>"; };
		74D5F46B2383B50F000D3562 /* icons8-route-50.png */ = {isa = PBXFileReference; lastKnownFileType = image.png; path = "icons8-route-50.png"; sourceTree = "<group>"; };
		74D5F46D2383BA05000D3562 /* gil.plist */ = {isa = PBXFileReference; lastKnownFileType = text.plist.xml; path = gil.plist; sourceTree = "<group>"; };
/* End PBXFileReference section */

/* Begin PBXFrameworksBuildPhase section */
		74C82F97237A6960006F315A /* Frameworks */ = {
			isa = PBXFrameworksBuildPhase;
			buildActionMask = 2147483647;
			files = (
				74C82FB3237A6993006F315A /* CoreLocation.framework in Frameworks */,
				74C82FB1237A6980006F315A /* MapKit.framework in Frameworks */,
			);
			runOnlyForDeploymentPostprocessing = 0;
		};
/* End PBXFrameworksBuildPhase section */

/* Begin PBXGroup section */
		74C82F91237A695F006F315A = {
			isa = PBXGroup;
			children = (
				74C82F9C237A6960006F315A /* exam */,
				74C82F9B237A6960006F315A /* Products */,
				74C82FAF237A6980006F315A /* Frameworks */,
			);
			sourceTree = "<group>";
		};
		74C82F9B237A6960006F315A /* Products */ = {
			isa = PBXGroup;
			children = (
				74C82F9A237A6960006F315A /* exam.app */,
			);
			name = Products;
			sourceTree = "<group>";
		};
		74C82F9C237A6960006F315A /* exam */ = {
			isa = PBXGroup;
			children = (
				74C82FB4237A69B7006F315A /* data.plist */,
				74C82F9D237A6960006F315A /* AppDelegate.swift */,
				74C82F9F237A6960006F315A /* ViewController.swift */,
				74C82FB6237A6D9F006F315A /* DetailMapViewController.swift */,
				74C82FB8237A6DB1006F315A /* TotalMapViewController.swift */,
				74D5F4692383B455000D3562 /* navi.png */,
				74C82FA1237A6960006F315A /* Main.storyboard */,
				74D5F46B2383B50F000D3562 /* icons8-route-50.png */,
				74C82FA4237A6968006F315A /* Assets.xcassets */,
				74C82FA6237A6968006F315A /* LaunchScreen.storyboard */,
				74C82FA9237A6968006F315A /* Info.plist */,
				74D5F46D2383BA05000D3562 /* gil.plist */,
			);
			path = exam;
			sourceTree = "<group>";
		};
		74C82FAF237A6980006F315A /* Frameworks */ = {
			isa = PBXGroup;
			children = (
				74C82FB2237A6993006F315A /* CoreLocation.framework */,
				74C82FB0237A6980006F315A /* MapKit.framework */,
			);
			name = Frameworks;
			sourceTree = "<group>";
		};
/* End PBXGroup section */

/* Begin PBXNativeTarget section */
		74C82F99237A6960006F315A /* exam */ = {
			isa = PBXNativeTarget;
			buildConfigurationList = 74C82FAC237A6968006F315A /* Build configuration list for PBXNativeTarget "exam" */;
			buildPhases = (
				74C82F96237A6960006F315A /* Sources */,
				74C82F97237A6960006F315A /* Frameworks */,
				74C82F98237A6960006F315A /* Resources */,
			);
			buildRules = (
			);
			dependencies = (
			);
			name = exam;
			productName = exam;
			productReference = 74C82F9A237A6960006F315A /* exam.app */;
			productType = "com.apple.product-type.application";
		};
/* End PBXNativeTarget section */

/* Begin PBXProject section */
		74C82F92237A695F006F315A /* Project object */ = {
			isa = PBXProject;
			attributes = {
				LastSwiftUpdateCheck = 1000;
				LastUpgradeCheck = 1000;
				ORGANIZATIONNAME = csd5766;
				TargetAttributes = {
					74C82F99237A6960006F315A = {
						CreatedOnToolsVersion = 10.0;
					};
				};
			};
			buildConfigurationList = 74C82F95237A6960006F315A /* Build configuration list for PBXProject "exam" */;
			compatibilityVersion = "Xcode 9.3";
			developmentRegion = en;
			hasScannedForEncodings = 0;
			knownRegions = (
				en,
				Base,
			);
			mainGroup = 74C82F91237A695F006F315A;
			productRefGroup = 74C82F9B237A6960006F315A /* Products */;
			projectDirPath = "";
			projectRoot = "";
			targets = (
				74C82F99237A6960006F315A /* exam */,
			);
		};
/* End PBXProject section */

/* Begin PBXResourcesBuildPhase section */
		74C82F98237A6960006F315A /* Resources */ = {
			isa = PBXResourcesBuildPhase;
			buildActionMask = 2147483647;
			files = (
				74D5F46C2383B50F000D3562 /* icons8-route-50.png in Resources */,
				74C82FA8237A6968006F315A /* LaunchScreen.storyboard in Resources */,
				74C82FA5237A6968006F315A /* Assets.xcassets in Resources */,
				74C82FB5237A69B7006F315A /* data.plist in Resources */,
				74D5F46E2383BA05000D3562 /* gil.plist in Resources */,
				74C82FA3237A6960006F315A /* Main.storyboard in Resources */,
				74D5F46A2383B456000D3562 /* navi.png in Resources */,
			);
			runOnlyForDeploymentPostprocessing = 0;
		};
/* End PBXResourcesBuildPhase section */

/* Begin PBXSourcesBuildPhase section */
		74C82F96237A6960006F315A /* Sources */ = {
			isa = PBXSourcesBuildPhase;
			buildActionMask = 2147483647;
			files = (
				74C82FB9237A6DB1006F315A /* TotalMapViewController.swift in Sources */,
				74C82FB7237A6D9F006F315A /* DetailMapViewController.swift in Sources */,
				74C82FA0237A6960006F315A /* ViewController.swift in Sources */,
				74C82F9E237A6960006F315A /* AppDelegate.swift in Sources */,
			);
			runOnlyForDeploymentPostprocessing = 0;
		};
/* End PBXSourcesBuildPhase section */

/* Begin PBXVariantGroup section */
		74C82FA1237A6960006F315A /* Main.storyboard */ = {
			isa = PBXVariantGroup;
			children = (
				74C82FA2237A6960006F315A /* Base */,
			);
			name = Main.storyboard;
			sourceTree = "<group>";
		};
		74C82FA6237A6968006F315A /* LaunchScreen.storyboard */ = {
			isa = PBXVariantGroup;
			children = (
				74C82FA7237A6968006F315A /* Base */,
			);
			name = LaunchScreen.storyboard;
			sourceTree = "<group>";
		};
/* End PBXVariantGroup section */

/* Begin XCBuildConfiguration section */
		74C82FAA237A6968006F315A /* Debug */ = {
			isa = XCBuildConfiguration;
			buildSettings = {
				ALWAYS_SEARCH_USER_PATHS = NO;
				CLANG_ANALYZER_NONNULL = YES;
				CLANG_ANALYZER_NUMBER_OBJECT_CONVERSION = YES_AGGRESSIVE;
				CLANG_CXX_LANGUAGE_STANDARD = "gnu++14";
				CLANG_CXX_LIBRARY = "libc++";
				CLANG_ENABLE_MODULES = YES;
				CLANG_ENABLE_OBJC_ARC = YES;
				CLANG_ENABLE_OBJC_WEAK = YES;
				CLANG_WARN_BLOCK_CAPTURE_AUTORELEASING = YES;
				CLANG_WARN_BOOL_CONVERSION = YES;
				CLANG_WARN_COMMA = YES;
				CLANG_WARN_CONSTANT_CONVERSION = YES;
				CLANG_WARN_DEPRECATED_OBJC_IMPLEMENTATIONS = YES;
				CLANG_WARN_DIRECT_OBJC_ISA_USAGE = YES_ERROR;
				CLANG_WARN_DOCUMENTATION_COMMENTS = YES;
				CLANG_WARN_EMPTY_BODY = YES;
				CLANG_WARN_ENUM_CONVERSION = YES;
				CLANG_WARN_INFINITE_RECURSION = YES;
				CLANG_WARN_INT_CONVERSION = YES;
				CLANG_WARN_NON_LITERAL_NULL_CONVERSION = YES;
				CLANG_WARN_OBJC_IMPLICIT_RETAIN_SELF = YES;
				CLANG_WARN_OBJC_LITERAL_CONVERSION = YES;
				CLANG_WARN_OBJC_ROOT_CLASS = YES_ERROR;
				CLANG_WARN_RANGE_LOOP_ANALYSIS = YES;
				CLANG_WARN_STRICT_PROTOTYPES = YES;
				CLANG_WARN_SUSPICIOUS_MOVE = YES;
				CLANG_WARN_UNGUARDED_AVAILABILITY = YES_AGGRESSIVE;
				CLANG_WARN_UNREACHABLE_CODE = YES;
				CLANG_WARN__DUPLICATE_METHOD_MATCH = YES;
				CODE_SIGN_IDENTITY = "iPhone Developer";
				COPY_PHASE_STRIP = NO;
				DEBUG_INFORMATION_FORMAT = dwarf;
				ENABLE_STRICT_OBJC_MSGSEND = YES;
				ENABLE_TESTABILITY = YES;
				GCC_C_LANGUAGE_STANDARD = gnu11;
				GCC_DYNAMIC_NO_PIC = NO;
				GCC_NO_COMMON_BLOCKS = YES;
				GCC_OPTIMIZATION_LEVEL = 0;
				GCC_PREPROCESSOR_DEFINITIONS = (
					"DEBUG=1",
					"$(inherited)",
				);
				GCC_WARN_64_TO_32_BIT_CONVERSION = YES;
				GCC_WARN_ABOUT_RETURN_TYPE = YES_ERROR;
				GCC_WARN_UNDECLARED_SELECTOR = YES;
				GCC_WARN_UNINITIALIZED_AUTOS = YES_AGGRESSIVE;
				GCC_WARN_UNUSED_FUNCTION = YES;
				GCC_WARN_UNUSED_VARIABLE = YES;
				IPHONEOS_DEPLOYMENT_TARGET = 12.0;
				MTL_ENABLE_DEBUG_INFO = INCLUDE_SOURCE;
				MTL_FAST_MATH = YES;
				ONLY_ACTIVE_ARCH = YES;
				SDKROOT = iphoneos;
				SWIFT_ACTIVE_COMPILATION_CONDITIONS = DEBUG;
				SWIFT_OPTIMIZATION_LEVEL = "-Onone";
			};
			name = Debug;
		};
		74C82FAB237A6968006F315A /* Release */ = {
			isa = XCBuildConfiguration;
			buildSettings = {
				ALWAYS_SEARCH_USER_PATHS = NO;
				CLANG_ANALYZER_NONNULL = YES;
				CLANG_ANALYZER_NUMBER_OBJECT_CONVERSION = YES_AGGRESSIVE;
				CLANG_CXX_LANGUAGE_STANDARD = "gnu++14";
				CLANG_CXX_LIBRARY = "libc++";
				CLANG_ENABLE_MODULES = YES;
				CLANG_ENABLE_OBJC_ARC = YES;
				CLANG_ENABLE_OBJC_WEAK = YES;
				CLANG_WARN_BLOCK_CAPTURE_AUTORELEASING = YES;
				CLANG_WARN_BOOL_CONVERSION = YES;
				CLANG_WARN_COMMA = YES;
				CLANG_WARN_CONSTANT_CONVERSION = YES;
				CLANG_WARN_DEPRECATED_OBJC_IMPLEMENTATIONS = YES;
				CLANG_WARN_DIRECT_OBJC_ISA_USAGE = YES_ERROR;
				CLANG_WARN_DOCUMENTATION_COMMENTS = YES;
				CLANG_WARN_EMPTY_BODY = YES;
				CLANG_WARN_ENUM_CONVERSION = YES;
				CLANG_WARN_INFINITE_RECURSION = YES;
				CLANG_WARN_INT_CONVERSION = YES;
				CLANG_WARN_NON_LITERAL_NULL_CONVERSION = YES;
				CLANG_WARN_OBJC_IMPLICIT_RETAIN_SELF = YES;
				CLANG_WARN_OBJC_LITERAL_CONVERSION = YES;
				CLANG_WARN_OBJC_ROOT_CLASS = YES_ERROR;
				CLANG_WARN_RANGE_LOOP_ANALYSIS = YES;
				CLANG_WARN_STRICT_PROTOTYPES = YES;
				CLANG_WARN_SUSPICIOUS_MOVE = YES;
				CLANG_WARN_UNGUARDED_AVAILABILITY = YES_AGGRESSIVE;
				CLANG_WARN_UNREACHABLE_CODE = YES;
				CLANG_WARN__DUPLICATE_METHOD_MATCH = YES;
				CODE_SIGN_IDENTITY = "iPhone Developer";
				COPY_PHASE_STRIP = NO;
				DEBUG_INFORMATION_FORMAT = "dwarf-with-dsym";
				ENABLE_NS_ASSERTIONS = NO;
				ENABLE_STRICT_OBJC_MSGSEND = YES;
				GCC_C_LANGUAGE_STANDARD = gnu11;
				GCC_NO_COMMON_BLOCKS = YES;
				GCC_WARN_64_TO_32_BIT_CONVERSION = YES;
				GCC_WARN_ABOUT_RETURN_TYPE = YES_ERROR;
				GCC_WARN_UNDECLARED_SELECTOR = YES;
				GCC_WARN_UNINITIALIZED_AUTOS = YES_AGGRESSIVE;
				GCC_WARN_UNUSED_FUNCTION = YES;
				GCC_WARN_UNUSED_VARIABLE = YES;
				IPHONEOS_DEPLOYMENT_TARGET = 12.0;
				MTL_ENABLE_DEBUG_INFO = NO;
				MTL_FAST_MATH = YES;
				SDKROOT = iphoneos;
				SWIFT_COMPILATION_MODE = wholemodule;
				SWIFT_OPTIMIZATION_LEVEL = "-O";
				VALIDATE_PRODUCT = YES;
			};
			name = Release;
		};
		74C82FAD237A6968006F315A /* Debug */ = {
			isa = XCBuildConfiguration;
			buildSettings = {
				ASSETCATALOG_COMPILER_APPICON_NAME = AppIcon;
				CODE_SIGN_STYLE = Automatic;
				INFOPLIST_FILE = exam/Info.plist;
				LD_RUNPATH_SEARCH_PATHS = (
					"$(inherited)",
					"@executable_path/Frameworks",
				);
				PRODUCT_BUNDLE_IDENTIFIER = kr.ac.dit.exam;
				PRODUCT_NAME = "$(TARGET_NAME)";
				SWIFT_VERSION = 4.2;
				TARGETED_DEVICE_FAMILY = "1,2";
			};
			name = Debug;
		};
		74C82FAE237A6968006F315A /* Release */ = {
			isa = XCBuildConfiguration;
			buildSettings = {
				ASSETCATALOG_COMPILER_APPICON_NAME = AppIcon;
				CODE_SIGN_STYLE = Automatic;
				INFOPLIST_FILE = exam/Info.plist;
				LD_RUNPATH_SEARCH_PATHS = (
					"$(inherited)",
					"@executable_path/Frameworks",
				);
				PRODUCT_BUNDLE_IDENTIFIER = kr.ac.dit.exam;
				PRODUCT_NAME = "$(TARGET_NAME)";
				SWIFT_VERSION = 4.2;
				TARGETED_DEVICE_FAMILY = "1,2";
			};
			name = Release;
		};
/* End XCBuildConfiguration section */

/* Begin XCConfigurationList section */
		74C82F95237A6960006F315A /* Build configuration list for PBXProject "exam" */ = {
			isa = XCConfigurationList;
			buildConfigurations = (
				74C82FAA237A6968006F315A /* Debug */,
				74C82FAB237A6968006F315A /* Release */,
			);
			defaultConfigurationIsVisible = 0;
			defaultConfigurationName = Release;
		};
		74C82FAC237A6968006F315A /* Build configuration list for PBXNativeTarget "exam" */ = {
			isa = XCConfigurationList;
			buildConfigurations = (
				74C82FAD237A6968006F315A /* Debug */,
				74C82FAE237A6968006F315A /* Release */,
			);
			defaultConfigurationIsVisible = 0;
			defaultConfigurationName = Release;
		};
/* End XCConfigurationList section */
	};
	rootObject = 74C82F92237A695F006F315A /* Project object */;
}
